
Microsoft Visual Studio Solution File, Format Version 12.00
# Visual Studio Version 17
VisualStudioVersion = 17.10.34902.84
MinimumVisualStudioVersion = 10.0.40219.1
Project("{2150E333-8FDC-42A3-9474-1A3956D46DE8}") = "src", "src", "{261F5F2B-6473-446C-8524-035B770ED43A}"
EndProject
Project("{2150E333-8FDC-42A3-9474-1A3956D46DE8}") = "Modules", "Modules", "{F3F1B46E-22CA-4671-A2CD-CFF0EAB13C7D}"
EndProject
Project("{2150E333-8FDC-42A3-9474-1A3956D46DE8}") = "Finances", "Finances", "{F3CD9F91-2076-4506-B2E5-2A13C82A3842}"
EndProject
Project("{9A19103F-16F7-4668-BE54-9A1E7A4F7556}") = "Finances.Domain", "src\Modules\Finances\Domain\Finances.Domain.csproj", "{BCD4C6E3-999F-4390-9195-A2C848812CDD}"
EndProject
Project("{9A19103F-16F7-4668-BE54-9A1E7A4F7556}") = "Finances.Infrastructure", "src\Modules\Finances\Infrastructure\Finances.Infrastructure.csproj", "{8FF50943-527C-4C0B-ABF0-36ABBACE3A92}"
EndProject
Project("{9A19103F-16F7-4668-BE54-9A1E7A4F7556}") = "Finances.Application", "src\Modules\Finances\Application\Finances.Application.csproj", "{1E325BBB-C612-47C9-A053-90FD89B19019}"
EndProject
Project("{2150E333-8FDC-42A3-9474-1A3956D46DE8}") = "BuildingBlocks", "BuildingBlocks", "{A3221505-F692-4EB9-95F5-C105124C32DB}"
EndProject
Project("{9A19103F-16F7-4668-BE54-9A1E7A4F7556}") = "BuildingBlocks.Domain", "src\BuildingBlocks \Domain\BuildingBlocks.Domain.csproj", "{79C564D6-95DE-41F3-9DF1-BD202EABA9F0}"
EndProject
Project("{9A19103F-16F7-4668-BE54-9A1E7A4F7556}") = "BuildingBlocks.Application", "src\BuildingBlocks \Application\BuildingBlocks.Application.csproj", "{C1782871-331A-44FF-98EA-28A112B98F8D}"
EndProject
Project("{9A19103F-16F7-4668-BE54-9A1E7A4F7556}") = "SavePlan.API", "src\Api\SavePlan.API.csproj", "{E12C76C2-2A0C-49AE-9E1C-71F6C983C11F}"
EndProject
Project("{9A19103F-16F7-4668-BE54-9A1E7A4F7556}") = "Finances.Tests", "src\Modules\Finances\Tests\Finances.Tests.csproj", "{387EBBAC-F8AA-4E3D-B7B4-14645D9BF86E}"
EndProject
Global
	GlobalSection(SolutionConfigurationPlatforms) = preSolution
		Debug|Any CPU = Debug|Any CPU
		Debug|x64 = Debug|x64
		Debug|x86 = Debug|x86
		Release|Any CPU = Release|Any CPU
		Release|x64 = Release|x64
		Release|x86 = Release|x86
	EndGlobalSection
	GlobalSection(ProjectConfigurationPlatforms) = postSolution
		{BCD4C6E3-999F-4390-9195-A2C848812CDD}.Debug|Any CPU.ActiveCfg = Debug|Any CPU
		{BCD4C6E3-999F-4390-9195-A2C848812CDD}.Debug|Any CPU.Build.0 = Debug|Any CPU
		{BCD4C6E3-999F-4390-9195-A2C848812CDD}.Debug|x64.ActiveCfg = Debug|Any CPU
		{BCD4C6E3-999F-4390-9195-A2C848812CDD}.Debug|x64.Build.0 = Debug|Any CPU
		{BCD4C6E3-999F-4390-9195-A2C848812CDD}.Debug|x86.ActiveCfg = Debug|Any CPU
		{BCD4C6E3-999F-4390-9195-A2C848812CDD}.Debug|x86.Build.0 = Debug|Any CPU
		{BCD4C6E3-999F-4390-9195-A2C848812CDD}.Release|Any CPU.ActiveCfg = Release|Any CPU
		{BCD4C6E3-999F-4390-9195-A2C848812CDD}.Release|Any CPU.Build.0 = Release|Any CPU
		{BCD4C6E3-999F-4390-9195-A2C848812CDD}.Release|x64.ActiveCfg = Release|Any CPU
		{BCD4C6E3-999F-4390-9195-A2C848812CDD}.Release|x64.Build.0 = Release|Any CPU
		{BCD4C6E3-999F-4390-9195-A2C848812CDD}.Release|x86.ActiveCfg = Release|Any CPU
		{BCD4C6E3-999F-4390-9195-A2C848812CDD}.Release|x86.Build.0 = Release|Any CPU
		{8FF50943-527C-4C0B-ABF0-36ABBACE3A92}.Debug|Any CPU.ActiveCfg = Debug|Any CPU
		{8FF50943-527C-4C0B-ABF0-36ABBACE3A92}.Debug|Any CPU.Build.0 = Debug|Any CPU
		{8FF50943-527C-4C0B-ABF0-36ABBACE3A92}.Debug|x64.ActiveCfg = Debug|Any CPU
		{8FF50943-527C-4C0B-ABF0-36ABBACE3A92}.Debug|x64.Build.0 = Debug|Any CPU
		{8FF50943-527C-4C0B-ABF0-36ABBACE3A92}.Debug|x86.ActiveCfg = Debug|Any CPU
		{8FF50943-527C-4C0B-ABF0-36ABBACE3A92}.Debug|x86.Build.0 = Debug|Any CPU
		{8FF50943-527C-4C0B-ABF0-36ABBACE3A92}.Release|Any CPU.ActiveCfg = Release|Any CPU
		{8FF50943-527C-4C0B-ABF0-36ABBACE3A92}.Release|Any CPU.Build.0 = Release|Any CPU
		{8FF50943-527C-4C0B-ABF0-36ABBACE3A92}.Release|x64.ActiveCfg = Release|Any CPU
		{8FF50943-527C-4C0B-ABF0-36ABBACE3A92}.Release|x64.Build.0 = Release|Any CPU
		{8FF50943-527C-4C0B-ABF0-36ABBACE3A92}.Release|x86.ActiveCfg = Release|Any CPU
		{8FF50943-527C-4C0B-ABF0-36ABBACE3A92}.Release|x86.Build.0 = Release|Any CPU
		{1E325BBB-C612-47C9-A053-90FD89B19019}.Debug|Any CPU.ActiveCfg = Debug|Any CPU
		{1E325BBB-C612-47C9-A053-90FD89B19019}.Debug|Any CPU.Build.0 = Debug|Any CPU
		{1E325BBB-C612-47C9-A053-90FD89B19019}.Debug|x64.ActiveCfg = Debug|Any CPU
		{1E325BBB-C612-47C9-A053-90FD89B19019}.Debug|x64.Build.0 = Debug|Any CPU
		{1E325BBB-C612-47C9-A053-90FD89B19019}.Debug|x86.ActiveCfg = Debug|Any CPU
		{1E325BBB-C612-47C9-A053-90FD89B19019}.Debug|x86.Build.0 = Debug|Any CPU
		{1E325BBB-C612-47C9-A053-90FD89B19019}.Release|Any CPU.ActiveCfg = Release|Any CPU
		{1E325BBB-C612-47C9-A053-90FD89B19019}.Release|Any CPU.Build.0 = Release|Any CPU
		{1E325BBB-C612-47C9-A053-90FD89B19019}.Release|x64.ActiveCfg = Release|Any CPU
		{1E325BBB-C612-47C9-A053-90FD89B19019}.Release|x64.Build.0 = Release|Any CPU
		{1E325BBB-C612-47C9-A053-90FD89B19019}.Release|x86.ActiveCfg = Release|Any CPU
		{1E325BBB-C612-47C9-A053-90FD89B19019}.Release|x86.Build.0 = Release|Any CPU
		{79C564D6-95DE-41F3-9DF1-BD202EABA9F0}.Debug|Any CPU.ActiveCfg = Debug|Any CPU
		{79C564D6-95DE-41F3-9DF1-BD202EABA9F0}.Debug|Any CPU.Build.0 = Debug|Any CPU
		{79C564D6-95DE-41F3-9DF1-BD202EABA9F0}.Debug|x64.ActiveCfg = Debug|Any CPU
		{79C564D6-95DE-41F3-9DF1-BD202EABA9F0}.Debug|x64.Build.0 = Debug|Any CPU
		{79C564D6-95DE-41F3-9DF1-BD202EABA9F0}.Debug|x86.ActiveCfg = Debug|Any CPU
		{79C564D6-95DE-41F3-9DF1-BD202EABA9F0}.Debug|x86.Build.0 = Debug|Any CPU
		{79C564D6-95DE-41F3-9DF1-BD202EABA9F0}.Release|Any CPU.ActiveCfg = Release|Any CPU
		{79C564D6-95DE-41F3-9DF1-BD202EABA9F0}.Release|Any CPU.Build.0 = Release|Any CPU
		{79C564D6-95DE-41F3-9DF1-BD202EABA9F0}.Release|x64.ActiveCfg = Release|Any CPU
		{79C564D6-95DE-41F3-9DF1-BD202EABA9F0}.Release|x64.Build.0 = Release|Any CPU
		{79C564D6-95DE-41F3-9DF1-BD202EABA9F0}.Release|x86.ActiveCfg = Release|Any CPU
		{79C564D6-95DE-41F3-9DF1-BD202EABA9F0}.Release|x86.Build.0 = Release|Any CPU
		{C1782871-331A-44FF-98EA-28A112B98F8D}.Debug|Any CPU.ActiveCfg = Debug|Any CPU
		{C1782871-331A-44FF-98EA-28A112B98F8D}.Debug|Any CPU.Build.0 = Debug|Any CPU
		{C1782871-331A-44FF-98EA-28A112B98F8D}.Debug|x64.ActiveCfg = Debug|Any CPU
		{C1782871-331A-44FF-98EA-28A112B98F8D}.Debug|x64.Build.0 = Debug|Any CPU
		{C1782871-331A-44FF-98EA-28A112B98F8D}.Debug|x86.ActiveCfg = Debug|Any CPU
		{C1782871-331A-44FF-98EA-28A112B98F8D}.Debug|x86.Build.0 = Debug|Any CPU
		{C1782871-331A-44FF-98EA-28A112B98F8D}.Release|Any CPU.ActiveCfg = Release|Any CPU
		{C1782871-331A-44FF-98EA-28A112B98F8D}.Release|Any CPU.Build.0 = Release|Any CPU
		{C1782871-331A-44FF-98EA-28A112B98F8D}.Release|x64.ActiveCfg = Release|Any CPU
		{C1782871-331A-44FF-98EA-28A112B98F8D}.Release|x64.Build.0 = Release|Any CPU
		{C1782871-331A-44FF-98EA-28A112B98F8D}.Release|x86.ActiveCfg = Release|Any CPU
		{C1782871-331A-44FF-98EA-28A112B98F8D}.Release|x86.Build.0 = Release|Any CPU
		{E12C76C2-2A0C-49AE-9E1C-71F6C983C11F}.Debug|Any CPU.ActiveCfg = Debug|Any CPU
		{E12C76C2-2A0C-49AE-9E1C-71F6C983C11F}.Debug|Any CPU.Build.0 = Debug|Any CPU
		{E12C76C2-2A0C-49AE-9E1C-71F6C983C11F}.Debug|x64.ActiveCfg = Debug|Any CPU
		{E12C76C2-2A0C-49AE-9E1C-71F6C983C11F}.Debug|x64.Build.0 = Debug|Any CPU
		{E12C76C2-2A0C-49AE-9E1C-71F6C983C11F}.Debug|x86.ActiveCfg = Debug|Any CPU
		{E12C76C2-2A0C-49AE-9E1C-71F6C983C11F}.Debug|x86.Build.0 = Debug|Any CPU
		{E12C76C2-2A0C-49AE-9E1C-71F6C983C11F}.Release|Any CPU.ActiveCfg = Release|Any CPU
		{E12C76C2-2A0C-49AE-9E1C-71F6C983C11F}.Release|Any CPU.Build.0 = Release|Any CPU
		{E12C76C2-2A0C-49AE-9E1C-71F6C983C11F}.Release|x64.ActiveCfg = Release|Any CPU
		{E12C76C2-2A0C-49AE-9E1C-71F6C983C11F}.Release|x64.Build.0 = Release|Any CPU
		{E12C76C2-2A0C-49AE-9E1C-71F6C983C11F}.Release|x86.ActiveCfg = Release|Any CPU
		{E12C76C2-2A0C-49AE-9E1C-71F6C983C11F}.Release|x86.Build.0 = Release|Any CPU
		{387EBBAC-F8AA-4E3D-B7B4-14645D9BF86E}.Debug|Any CPU.ActiveCfg = Debug|Any CPU
		{387EBBAC-F8AA-4E3D-B7B4-14645D9BF86E}.Debug|Any CPU.Build.0 = Debug|Any CPU
		{387EBBAC-F8AA-4E3D-B7B4-14645D9BF86E}.Debug|x64.ActiveCfg = Debug|Any CPU
		{387EBBAC-F8AA-4E3D-B7B4-14645D9BF86E}.Debug|x64.Build.0 = Debug|Any CPU
		{387EBBAC-F8AA-4E3D-B7B4-14645D9BF86E}.Debug|x86.ActiveCfg = Debug|Any CPU
		{387EBBAC-F8AA-4E3D-B7B4-14645D9BF86E}.Debug|x86.Build.0 = Debug|Any CPU
		{387EBBAC-F8AA-4E3D-B7B4-14645D9BF86E}.Release|Any CPU.ActiveCfg = Release|Any CPU
		{387EBBAC-F8AA-4E3D-B7B4-14645D9BF86E}.Release|Any CPU.Build.0 = Release|Any CPU
		{387EBBAC-F8AA-4E3D-B7B4-14645D9BF86E}.Release|x64.ActiveCfg = Release|Any CPU
		{387EBBAC-F8AA-4E3D-B7B4-14645D9BF86E}.Release|x64.Build.0 = Release|Any CPU
		{387EBBAC-F8AA-4E3D-B7B4-14645D9BF86E}.Release|x86.ActiveCfg = Release|Any CPU
		{387EBBAC-F8AA-4E3D-B7B4-14645D9BF86E}.Release|x86.Build.0 = Release|Any CPU
	EndGlobalSection
	GlobalSection(SolutionProperties) = preSolution
		HideSolutionNode = FALSE
	EndGlobalSection
	GlobalSection(NestedProjects) = preSolution
		{F3F1B46E-22CA-4671-A2CD-CFF0EAB13C7D} = {261F5F2B-6473-446C-8524-035B770ED43A}
		{F3CD9F91-2076-4506-B2E5-2A13C82A3842} = {F3F1B46E-22CA-4671-A2CD-CFF0EAB13C7D}
		{BCD4C6E3-999F-4390-9195-A2C848812CDD} = {F3CD9F91-2076-4506-B2E5-2A13C82A3842}
		{8FF50943-527C-4C0B-ABF0-36ABBACE3A92} = {F3CD9F91-2076-4506-B2E5-2A13C82A3842}
		{1E325BBB-C612-47C9-A053-90FD89B19019} = {F3CD9F91-2076-4506-B2E5-2A13C82A3842}
		{A3221505-F692-4EB9-95F5-C105124C32DB} = {261F5F2B-6473-446C-8524-035B770ED43A}
		{79C564D6-95DE-41F3-9DF1-BD202EABA9F0} = {A3221505-F692-4EB9-95F5-C105124C32DB}
		{C1782871-331A-44FF-98EA-28A112B98F8D} = {A3221505-F692-4EB9-95F5-C105124C32DB}
		{E12C76C2-2A0C-49AE-9E1C-71F6C983C11F} = {261F5F2B-6473-446C-8524-035B770ED43A}
		{387EBBAC-F8AA-4E3D-B7B4-14645D9BF86E} = {F3CD9F91-2076-4506-B2E5-2A13C82A3842}
	EndGlobalSection
	GlobalSection(ExtensibilityGlobals) = postSolution
		SolutionGuid = {158D2C56-D262-4A16-8E4B-D8AF926535F5}
	EndGlobalSection
EndGlobal
